
Microsoft Visual Studio Solution File, Format Version 12.00
# Visual Studio 15
VisualStudioVersion = 15.0.27004.2008
MinimumVisualStudioVersion = 10.0.40219.1
Project("{2150E333-8FDC-42A3-9474-1A3956D46DE8}") = "src", "src", "{2408EC7B-2E06-46A5-B6AC-D4E985E30CBB}"
EndProject
Project("{2150E333-8FDC-42A3-9474-1A3956D46DE8}") = "Solution Items", "Solution Items", "{DFF21B2A-7F52-448D-8867-D1C4EEAF73A7}"
EndProject
Project("{2150E333-8FDC-42A3-9474-1A3956D46DE8}") = "Clients", "Clients", "{BABF1C97-CB5C-4AC5-81C6-6A81B0D45E27}"
EndProject
Project("{9A19103F-16F7-4668-BE54-9A1E7A4F7556}") = "Api", "src\Api\Api.csproj", "{7059F655-BBD7-4CA3-9A76-2FF198996DA8}"
EndProject
Project("{9A19103F-16F7-4668-BE54-9A1E7A4F7556}") = "ConsoleClient", "src\ResourceOwnerClient\ConsoleClient.csproj", "{40674C67-6A97-4B85-8154-92AEC74A37A0}"
EndProject
Project("{9A19103F-16F7-4668-BE54-9A1E7A4F7556}") = "IdentityServerWithAspNetIdentity", "src\IdentityServerWithAspNetIdentity\IdentityServerWithAspNetIdentity.csproj", "{1ECB5581-FFA5-4C11-A491-C85ABD962033}"
EndProject
Project("{9A19103F-16F7-4668-BE54-9A1E7A4F7556}") = "ApiModels", "src\ApiModels\ApiModels.csproj", "{6CD683B4-70F1-4FB5-8B83-32E76E8C9240}"
EndProject
Project("{D954291E-2A0B-460D-934E-DC6B0785DB48}") = "MobileClient", "MobileClient\MobileClient\MobileClient.shproj", "{48E015FE-624B-4E70-A502-339845FD764F}"
EndProject
Project("{FAE04EC0-301F-11D3-BF4B-00C04F79EFBC}") = "MobileClient.Android", "MobileClient\MobileClient.Android\MobileClient.Android.csproj", "{43950AC2-0AD3-49BC-8DA3-63C42DA1F1FA}"
EndProject
Project("{FAE04EC0-301F-11D3-BF4B-00C04F79EFBC}") = "MobileClient.iOS", "MobileClient\MobileClient.iOS\MobileClient.iOS.csproj", "{190ED57C-9A75-40EF-A258-E45E5EFA3D02}"
EndProject
Project("{FAE04EC0-301F-11D3-BF4B-00C04F79EFBC}") = "ApiClientLib", "src\ApiClientLib\ApiClientLib.csproj", "{50C88052-2CC7-4FB4-9E1E-368B0CA830DD}"
EndProject
Global
	GlobalSection(SharedMSBuildProjectFiles) = preSolution
		MobileClient\MobileClient\MobileClient.projitems*{190ed57c-9a75-40ef-a258-e45e5efa3d02}*SharedItemsImports = 4
		MobileClient\MobileClient\MobileClient.projitems*{43950ac2-0ad3-49bc-8da3-63c42da1f1fa}*SharedItemsImports = 4
		MobileClient\MobileClient\MobileClient.projitems*{48e015fe-624b-4e70-a502-339845fd764f}*SharedItemsImports = 13
	EndGlobalSection
	GlobalSection(SolutionConfigurationPlatforms) = preSolution
		Ad-Hoc|Any CPU = Ad-Hoc|Any CPU
		Ad-Hoc|iPhone = Ad-Hoc|iPhone
		Ad-Hoc|iPhoneSimulator = Ad-Hoc|iPhoneSimulator
		AppStore|Any CPU = AppStore|Any CPU
		AppStore|iPhone = AppStore|iPhone
		AppStore|iPhoneSimulator = AppStore|iPhoneSimulator
		Debug|Any CPU = Debug|Any CPU
		Debug|iPhone = Debug|iPhone
		Debug|iPhoneSimulator = Debug|iPhoneSimulator
		Release|Any CPU = Release|Any CPU
		Release|iPhone = Release|iPhone
		Release|iPhoneSimulator = Release|iPhoneSimulator
	EndGlobalSection
	GlobalSection(ProjectConfigurationPlatforms) = postSolution
		{7059F655-BBD7-4CA3-9A76-2FF198996DA8}.Ad-Hoc|Any CPU.ActiveCfg = Release|Any CPU
		{7059F655-BBD7-4CA3-9A76-2FF198996DA8}.Ad-Hoc|Any CPU.Build.0 = Release|Any CPU
		{7059F655-BBD7-4CA3-9A76-2FF198996DA8}.Ad-Hoc|iPhone.ActiveCfg = Release|Any CPU
		{7059F655-BBD7-4CA3-9A76-2FF198996DA8}.Ad-Hoc|iPhone.Build.0 = Release|Any CPU
		{7059F655-BBD7-4CA3-9A76-2FF198996DA8}.Ad-Hoc|iPhoneSimulator.ActiveCfg = Release|Any CPU
		{7059F655-BBD7-4CA3-9A76-2FF198996DA8}.Ad-Hoc|iPhoneSimulator.Build.0 = Release|Any CPU
		{7059F655-BBD7-4CA3-9A76-2FF198996DA8}.AppStore|Any CPU.ActiveCfg = Release|Any CPU
		{7059F655-BBD7-4CA3-9A76-2FF198996DA8}.AppStore|Any CPU.Build.0 = Release|Any CPU
		{7059F655-BBD7-4CA3-9A76-2FF198996DA8}.AppStore|iPhone.ActiveCfg = Release|Any CPU
		{7059F655-BBD7-4CA3-9A76-2FF198996DA8}.AppStore|iPhone.Build.0 = Release|Any CPU
		{7059F655-BBD7-4CA3-9A76-2FF198996DA8}.AppStore|iPhoneSimulator.ActiveCfg = Release|Any CPU
		{7059F655-BBD7-4CA3-9A76-2FF198996DA8}.AppStore|iPhoneSimulator.Build.0 = Release|Any CPU
		{7059F655-BBD7-4CA3-9A76-2FF198996DA8}.Debug|Any CPU.ActiveCfg = Debug|Any CPU
		{7059F655-BBD7-4CA3-9A76-2FF198996DA8}.Debug|Any CPU.Build.0 = Debug|Any CPU
		{7059F655-BBD7-4CA3-9A76-2FF198996DA8}.Debug|iPhone.ActiveCfg = Debug|Any CPU
		{7059F655-BBD7-4CA3-9A76-2FF198996DA8}.Debug|iPhone.Build.0 = Debug|Any CPU
		{7059F655-BBD7-4CA3-9A76-2FF198996DA8}.Debug|iPhoneSimulator.ActiveCfg = Debug|Any CPU
		{7059F655-BBD7-4CA3-9A76-2FF198996DA8}.Debug|iPhoneSimulator.Build.0 = Debug|Any CPU
		{7059F655-BBD7-4CA3-9A76-2FF198996DA8}.Release|Any CPU.ActiveCfg = Release|Any CPU
		{7059F655-BBD7-4CA3-9A76-2FF198996DA8}.Release|Any CPU.Build.0 = Release|Any CPU
		{7059F655-BBD7-4CA3-9A76-2FF198996DA8}.Release|iPhone.ActiveCfg = Release|Any CPU
		{7059F655-BBD7-4CA3-9A76-2FF198996DA8}.Release|iPhone.Build.0 = Release|Any CPU
		{7059F655-BBD7-4CA3-9A76-2FF198996DA8}.Release|iPhoneSimulator.ActiveCfg = Release|Any CPU
		{7059F655-BBD7-4CA3-9A76-2FF198996DA8}.Release|iPhoneSimulator.Build.0 = Release|Any CPU
		{40674C67-6A97-4B85-8154-92AEC74A37A0}.Ad-Hoc|Any CPU.ActiveCfg = Release|Any CPU
		{40674C67-6A97-4B85-8154-92AEC74A37A0}.Ad-Hoc|Any CPU.Build.0 = Release|Any CPU
		{40674C67-6A97-4B85-8154-92AEC74A37A0}.Ad-Hoc|iPhone.ActiveCfg = Release|Any CPU
		{40674C67-6A97-4B85-8154-92AEC74A37A0}.Ad-Hoc|iPhone.Build.0 = Release|Any CPU
		{40674C67-6A97-4B85-8154-92AEC74A37A0}.Ad-Hoc|iPhoneSimulator.ActiveCfg = Release|Any CPU
		{40674C67-6A97-4B85-8154-92AEC74A37A0}.Ad-Hoc|iPhoneSimulator.Build.0 = Release|Any CPU
		{40674C67-6A97-4B85-8154-92AEC74A37A0}.AppStore|Any CPU.ActiveCfg = Release|Any CPU
		{40674C67-6A97-4B85-8154-92AEC74A37A0}.AppStore|Any CPU.Build.0 = Release|Any CPU
		{40674C67-6A97-4B85-8154-92AEC74A37A0}.AppStore|iPhone.ActiveCfg = Release|Any CPU
		{40674C67-6A97-4B85-8154-92AEC74A37A0}.AppStore|iPhone.Build.0 = Release|Any CPU
		{40674C67-6A97-4B85-8154-92AEC74A37A0}.AppStore|iPhoneSimulator.ActiveCfg = Release|Any CPU
		{40674C67-6A97-4B85-8154-92AEC74A37A0}.AppStore|iPhoneSimulator.Build.0 = Release|Any CPU
		{40674C67-6A97-4B85-8154-92AEC74A37A0}.Debug|Any CPU.ActiveCfg = Debug|Any CPU
		{40674C67-6A97-4B85-8154-92AEC74A37A0}.Debug|Any CPU.Build.0 = Debug|Any CPU
		{40674C67-6A97-4B85-8154-92AEC74A37A0}.Debug|iPhone.ActiveCfg = Debug|Any CPU
		{40674C67-6A97-4B85-8154-92AEC74A37A0}.Debug|iPhone.Build.0 = Debug|Any CPU
		{40674C67-6A97-4B85-8154-92AEC74A37A0}.Debug|iPhoneSimulator.ActiveCfg = Debug|Any CPU
		{40674C67-6A97-4B85-8154-92AEC74A37A0}.Debug|iPhoneSimulator.Build.0 = Debug|Any CPU
		{40674C67-6A97-4B85-8154-92AEC74A37A0}.Release|Any CPU.ActiveCfg = Release|Any CPU
		{40674C67-6A97-4B85-8154-92AEC74A37A0}.Release|Any CPU.Build.0 = Release|Any CPU
		{40674C67-6A97-4B85-8154-92AEC74A37A0}.Release|iPhone.ActiveCfg = Release|Any CPU
		{40674C67-6A97-4B85-8154-92AEC74A37A0}.Release|iPhone.Build.0 = Release|Any CPU
		{40674C67-6A97-4B85-8154-92AEC74A37A0}.Release|iPhoneSimulator.ActiveCfg = Release|Any CPU
		{40674C67-6A97-4B85-8154-92AEC74A37A0}.Release|iPhoneSimulator.Build.0 = Release|Any CPU
		{1ECB5581-FFA5-4C11-A491-C85ABD962033}.Ad-Hoc|Any CPU.ActiveCfg = Release|Any CPU
		{1ECB5581-FFA5-4C11-A491-C85ABD962033}.Ad-Hoc|Any CPU.Build.0 = Release|Any CPU
		{1ECB5581-FFA5-4C11-A491-C85ABD962033}.Ad-Hoc|iPhone.ActiveCfg = Release|Any CPU
		{1ECB5581-FFA5-4C11-A491-C85ABD962033}.Ad-Hoc|iPhone.Build.0 = Release|Any CPU
		{1ECB5581-FFA5-4C11-A491-C85ABD962033}.Ad-Hoc|iPhoneSimulator.ActiveCfg = Release|Any CPU
		{1ECB5581-FFA5-4C11-A491-C85ABD962033}.Ad-Hoc|iPhoneSimulator.Build.0 = Release|Any CPU
		{1ECB5581-FFA5-4C11-A491-C85ABD962033}.AppStore|Any CPU.ActiveCfg = Release|Any CPU
		{1ECB5581-FFA5-4C11-A491-C85ABD962033}.AppStore|Any CPU.Build.0 = Release|Any CPU
		{1ECB5581-FFA5-4C11-A491-C85ABD962033}.AppStore|iPhone.ActiveCfg = Release|Any CPU
		{1ECB5581-FFA5-4C11-A491-C85ABD962033}.AppStore|iPhone.Build.0 = Release|Any CPU
		{1ECB5581-FFA5-4C11-A491-C85ABD962033}.AppStore|iPhoneSimulator.ActiveCfg = Release|Any CPU
		{1ECB5581-FFA5-4C11-A491-C85ABD962033}.AppStore|iPhoneSimulator.Build.0 = Release|Any CPU
		{1ECB5581-FFA5-4C11-A491-C85ABD962033}.Debug|Any CPU.ActiveCfg = Debug|Any CPU
		{1ECB5581-FFA5-4C11-A491-C85ABD962033}.Debug|Any CPU.Build.0 = Debug|Any CPU
		{1ECB5581-FFA5-4C11-A491-C85ABD962033}.Debug|iPhone.ActiveCfg = Debug|Any CPU
		{1ECB5581-FFA5-4C11-A491-C85ABD962033}.Debug|iPhone.Build.0 = Debug|Any CPU
		{1ECB5581-FFA5-4C11-A491-C85ABD962033}.Debug|iPhoneSimulator.ActiveCfg = Debug|Any CPU
		{1ECB5581-FFA5-4C11-A491-C85ABD962033}.Debug|iPhoneSimulator.Build.0 = Debug|Any CPU
		{1ECB5581-FFA5-4C11-A491-C85ABD962033}.Release|Any CPU.ActiveCfg = Release|Any CPU
		{1ECB5581-FFA5-4C11-A491-C85ABD962033}.Release|Any CPU.Build.0 = Release|Any CPU
		{1ECB5581-FFA5-4C11-A491-C85ABD962033}.Release|iPhone.ActiveCfg = Release|Any CPU
		{1ECB5581-FFA5-4C11-A491-C85ABD962033}.Release|iPhone.Build.0 = Release|Any CPU
		{1ECB5581-FFA5-4C11-A491-C85ABD962033}.Release|iPhoneSimulator.ActiveCfg = Release|Any CPU
		{1ECB5581-FFA5-4C11-A491-C85ABD962033}.Release|iPhoneSimulator.Build.0 = Release|Any CPU
		{6CD683B4-70F1-4FB5-8B83-32E76E8C9240}.Ad-Hoc|Any CPU.ActiveCfg = Release|Any CPU
		{6CD683B4-70F1-4FB5-8B83-32E76E8C9240}.Ad-Hoc|Any CPU.Build.0 = Release|Any CPU
		{6CD683B4-70F1-4FB5-8B83-32E76E8C9240}.Ad-Hoc|iPhone.ActiveCfg = Release|Any CPU
		{6CD683B4-70F1-4FB5-8B83-32E76E8C9240}.Ad-Hoc|iPhone.Build.0 = Release|Any CPU
		{6CD683B4-70F1-4FB5-8B83-32E76E8C9240}.Ad-Hoc|iPhoneSimulator.ActiveCfg = Release|Any CPU
		{6CD683B4-70F1-4FB5-8B83-32E76E8C9240}.Ad-Hoc|iPhoneSimulator.Build.0 = Release|Any CPU
		{6CD683B4-70F1-4FB5-8B83-32E76E8C9240}.AppStore|Any CPU.ActiveCfg = Release|Any CPU
		{6CD683B4-70F1-4FB5-8B83-32E76E8C9240}.AppStore|Any CPU.Build.0 = Release|Any CPU
		{6CD683B4-70F1-4FB5-8B83-32E76E8C9240}.AppStore|iPhone.ActiveCfg = Release|Any CPU
		{6CD683B4-70F1-4FB5-8B83-32E76E8C9240}.AppStore|iPhone.Build.0 = Release|Any CPU
		{6CD683B4-70F1-4FB5-8B83-32E76E8C9240}.AppStore|iPhoneSimulator.ActiveCfg = Release|Any CPU
		{6CD683B4-70F1-4FB5-8B83-32E76E8C9240}.AppStore|iPhoneSimulator.Build.0 = Release|Any CPU
		{6CD683B4-70F1-4FB5-8B83-32E76E8C9240}.Debug|Any CPU.ActiveCfg = Debug|Any CPU
		{6CD683B4-70F1-4FB5-8B83-32E76E8C9240}.Debug|Any CPU.Build.0 = Debug|Any CPU
		{6CD683B4-70F1-4FB5-8B83-32E76E8C9240}.Debug|iPhone.ActiveCfg = Debug|Any CPU
		{6CD683B4-70F1-4FB5-8B83-32E76E8C9240}.Debug|iPhone.Build.0 = Debug|Any CPU
		{6CD683B4-70F1-4FB5-8B83-32E76E8C9240}.Debug|iPhoneSimulator.ActiveCfg = Debug|Any CPU
		{6CD683B4-70F1-4FB5-8B83-32E76E8C9240}.Debug|iPhoneSimulator.Build.0 = Debug|Any CPU
		{6CD683B4-70F1-4FB5-8B83-32E76E8C9240}.Release|Any CPU.ActiveCfg = Release|Any CPU
		{6CD683B4-70F1-4FB5-8B83-32E76E8C9240}.Release|Any CPU.Build.0 = Release|Any CPU
		{6CD683B4-70F1-4FB5-8B83-32E76E8C9240}.Release|iPhone.ActiveCfg = Release|Any CPU
		{6CD683B4-70F1-4FB5-8B83-32E76E8C9240}.Release|iPhone.Build.0 = Release|Any CPU
		{6CD683B4-70F1-4FB5-8B83-32E76E8C9240}.Release|iPhoneSimulator.ActiveCfg = Release|Any CPU
		{6CD683B4-70F1-4FB5-8B83-32E76E8C9240}.Release|iPhoneSimulator.Build.0 = Release|Any CPU
		{43950AC2-0AD3-49BC-8DA3-63C42DA1F1FA}.Ad-Hoc|Any CPU.ActiveCfg = Release|Any CPU
		{43950AC2-0AD3-49BC-8DA3-63C42DA1F1FA}.Ad-Hoc|Any CPU.Build.0 = Release|Any CPU
		{43950AC2-0AD3-49BC-8DA3-63C42DA1F1FA}.Ad-Hoc|Any CPU.Deploy.0 = Release|Any CPU
		{43950AC2-0AD3-49BC-8DA3-63C42DA1F1FA}.Ad-Hoc|iPhone.ActiveCfg = Release|Any CPU
		{43950AC2-0AD3-49BC-8DA3-63C42DA1F1FA}.Ad-Hoc|iPhone.Build.0 = Release|Any CPU
		{43950AC2-0AD3-49BC-8DA3-63C42DA1F1FA}.Ad-Hoc|iPhone.Deploy.0 = Release|Any CPU
		{43950AC2-0AD3-49BC-8DA3-63C42DA1F1FA}.Ad-Hoc|iPhoneSimulator.ActiveCfg = Release|Any CPU
		{43950AC2-0AD3-49BC-8DA3-63C42DA1F1FA}.Ad-Hoc|iPhoneSimulator.Build.0 = Release|Any CPU
		{43950AC2-0AD3-49BC-8DA3-63C42DA1F1FA}.Ad-Hoc|iPhoneSimulator.Deploy.0 = Release|Any CPU
		{43950AC2-0AD3-49BC-8DA3-63C42DA1F1FA}.AppStore|Any CPU.ActiveCfg = Release|Any CPU
		{43950AC2-0AD3-49BC-8DA3-63C42DA1F1FA}.AppStore|Any CPU.Build.0 = Release|Any CPU
		{43950AC2-0AD3-49BC-8DA3-63C42DA1F1FA}.AppStore|Any CPU.Deploy.0 = Release|Any CPU
		{43950AC2-0AD3-49BC-8DA3-63C42DA1F1FA}.AppStore|iPhone.ActiveCfg = Release|Any CPU
		{43950AC2-0AD3-49BC-8DA3-63C42DA1F1FA}.AppStore|iPhone.Build.0 = Release|Any CPU
		{43950AC2-0AD3-49BC-8DA3-63C42DA1F1FA}.AppStore|iPhone.Deploy.0 = Release|Any CPU
		{43950AC2-0AD3-49BC-8DA3-63C42DA1F1FA}.AppStore|iPhoneSimulator.ActiveCfg = Release|Any CPU
		{43950AC2-0AD3-49BC-8DA3-63C42DA1F1FA}.AppStore|iPhoneSimulator.Build.0 = Release|Any CPU
		{43950AC2-0AD3-49BC-8DA3-63C42DA1F1FA}.AppStore|iPhoneSimulator.Deploy.0 = Release|Any CPU
		{43950AC2-0AD3-49BC-8DA3-63C42DA1F1FA}.Debug|Any CPU.ActiveCfg = Debug|Any CPU
		{43950AC2-0AD3-49BC-8DA3-63C42DA1F1FA}.Debug|Any CPU.Build.0 = Debug|Any CPU
		{43950AC2-0AD3-49BC-8DA3-63C42DA1F1FA}.Debug|Any CPU.Deploy.0 = Debug|Any CPU
		{43950AC2-0AD3-49BC-8DA3-63C42DA1F1FA}.Debug|iPhone.ActiveCfg = Debug|Any CPU
		{43950AC2-0AD3-49BC-8DA3-63C42DA1F1FA}.Debug|iPhone.Build.0 = Debug|Any CPU
		{43950AC2-0AD3-49BC-8DA3-63C42DA1F1FA}.Debug|iPhone.Deploy.0 = Debug|Any CPU
		{43950AC2-0AD3-49BC-8DA3-63C42DA1F1FA}.Debug|iPhoneSimulator.ActiveCfg = Debug|Any CPU
		{43950AC2-0AD3-49BC-8DA3-63C42DA1F1FA}.Debug|iPhoneSimulator.Build.0 = Debug|Any CPU
		{43950AC2-0AD3-49BC-8DA3-63C42DA1F1FA}.Debug|iPhoneSimulator.Deploy.0 = Debug|Any CPU
		{43950AC2-0AD3-49BC-8DA3-63C42DA1F1FA}.Release|Any CPU.ActiveCfg = Release|Any CPU
		{43950AC2-0AD3-49BC-8DA3-63C42DA1F1FA}.Release|Any CPU.Build.0 = Release|Any CPU
		{43950AC2-0AD3-49BC-8DA3-63C42DA1F1FA}.Release|Any CPU.Deploy.0 = Release|Any CPU
		{43950AC2-0AD3-49BC-8DA3-63C42DA1F1FA}.Release|iPhone.ActiveCfg = Release|Any CPU
		{43950AC2-0AD3-49BC-8DA3-63C42DA1F1FA}.Release|iPhone.Build.0 = Release|Any CPU
		{43950AC2-0AD3-49BC-8DA3-63C42DA1F1FA}.Release|iPhone.Deploy.0 = Release|Any CPU
		{43950AC2-0AD3-49BC-8DA3-63C42DA1F1FA}.Release|iPhoneSimulator.ActiveCfg = Release|Any CPU
		{43950AC2-0AD3-49BC-8DA3-63C42DA1F1FA}.Release|iPhoneSimulator.Build.0 = Release|Any CPU
		{43950AC2-0AD3-49BC-8DA3-63C42DA1F1FA}.Release|iPhoneSimulator.Deploy.0 = Release|Any CPU
		{190ED57C-9A75-40EF-A258-E45E5EFA3D02}.Ad-Hoc|Any CPU.ActiveCfg = Ad-Hoc|iPhone
		{190ED57C-9A75-40EF-A258-E45E5EFA3D02}.Ad-Hoc|iPhone.ActiveCfg = Ad-Hoc|iPhone
		{190ED57C-9A75-40EF-A258-E45E5EFA3D02}.Ad-Hoc|iPhone.Build.0 = Ad-Hoc|iPhone
		{190ED57C-9A75-40EF-A258-E45E5EFA3D02}.Ad-Hoc|iPhoneSimulator.ActiveCfg = Ad-Hoc|iPhoneSimulator
		{190ED57C-9A75-40EF-A258-E45E5EFA3D02}.Ad-Hoc|iPhoneSimulator.Build.0 = Ad-Hoc|iPhoneSimulator
		{190ED57C-9A75-40EF-A258-E45E5EFA3D02}.AppStore|Any CPU.ActiveCfg = AppStore|iPhone
		{190ED57C-9A75-40EF-A258-E45E5EFA3D02}.AppStore|iPhone.ActiveCfg = AppStore|iPhone
		{190ED57C-9A75-40EF-A258-E45E5EFA3D02}.AppStore|iPhone.Build.0 = AppStore|iPhone
		{190ED57C-9A75-40EF-A258-E45E5EFA3D02}.AppStore|iPhoneSimulator.ActiveCfg = AppStore|iPhoneSimulator
		{190ED57C-9A75-40EF-A258-E45E5EFA3D02}.AppStore|iPhoneSimulator.Build.0 = AppStore|iPhoneSimulator
		{190ED57C-9A75-40EF-A258-E45E5EFA3D02}.Debug|Any CPU.ActiveCfg = Debug|iPhone
		{190ED57C-9A75-40EF-A258-E45E5EFA3D02}.Debug|iPhone.ActiveCfg = Debug|iPhone
		{190ED57C-9A75-40EF-A258-E45E5EFA3D02}.Debug|iPhone.Build.0 = Debug|iPhone
		{190ED57C-9A75-40EF-A258-E45E5EFA3D02}.Debug|iPhoneSimulator.ActiveCfg = Debug|iPhoneSimulator
		{190ED57C-9A75-40EF-A258-E45E5EFA3D02}.Debug|iPhoneSimulator.Build.0 = Debug|iPhoneSimulator
		{190ED57C-9A75-40EF-A258-E45E5EFA3D02}.Release|Any CPU.ActiveCfg = Release|iPhone
		{190ED57C-9A75-40EF-A258-E45E5EFA3D02}.Release|iPhone.ActiveCfg = Release|iPhone
		{190ED57C-9A75-40EF-A258-E45E5EFA3D02}.Release|iPhone.Build.0 = Release|iPhone
		{190ED57C-9A75-40EF-A258-E45E5EFA3D02}.Release|iPhoneSimulator.ActiveCfg = Release|iPhoneSimulator
		{190ED57C-9A75-40EF-A258-E45E5EFA3D02}.Release|iPhoneSimulator.Build.0 = Release|iPhoneSimulator
		{50C88052-2CC7-4FB4-9E1E-368B0CA830DD}.Ad-Hoc|Any CPU.ActiveCfg = Debug|Any CPU
		{50C88052-2CC7-4FB4-9E1E-368B0CA830DD}.Ad-Hoc|Any CPU.Build.0 = Debug|Any CPU
		{50C88052-2CC7-4FB4-9E1E-368B0CA830DD}.Ad-Hoc|iPhone.ActiveCfg = Debug|Any CPU
		{50C88052-2CC7-4FB4-9E1E-368B0CA830DD}.Ad-Hoc|iPhone.Build.0 = Debug|Any CPU
		{50C88052-2CC7-4FB4-9E1E-368B0CA830DD}.Ad-Hoc|iPhoneSimulator.ActiveCfg = Debug|Any CPU
		{50C88052-2CC7-4FB4-9E1E-368B0CA830DD}.Ad-Hoc|iPhoneSimulator.Build.0 = Debug|Any CPU
		{50C88052-2CC7-4FB4-9E1E-368B0CA830DD}.AppStore|Any CPU.ActiveCfg = Debug|Any CPU
		{50C88052-2CC7-4FB4-9E1E-368B0CA830DD}.AppStore|Any CPU.Build.0 = Debug|Any CPU
		{50C88052-2CC7-4FB4-9E1E-368B0CA830DD}.AppStore|iPhone.ActiveCfg = Debug|Any CPU
		{50C88052-2CC7-4FB4-9E1E-368B0CA830DD}.AppStore|iPhone.Build.0 = Debug|Any CPU
		{50C88052-2CC7-4FB4-9E1E-368B0CA830DD}.AppStore|iPhoneSimulator.ActiveCfg = Debug|Any CPU
		{50C88052-2CC7-4FB4-9E1E-368B0CA830DD}.AppStore|iPhoneSimulator.Build.0 = Debug|Any CPU
		{50C88052-2CC7-4FB4-9E1E-368B0CA830DD}.Debug|Any CPU.ActiveCfg = Debug|Any CPU
		{50C88052-2CC7-4FB4-9E1E-368B0CA830DD}.Debug|Any CPU.Build.0 = Debug|Any CPU
		{50C88052-2CC7-4FB4-9E1E-368B0CA830DD}.Debug|iPhone.ActiveCfg = Debug|Any CPU
		{50C88052-2CC7-4FB4-9E1E-368B0CA830DD}.Debug|iPhone.Build.0 = Debug|Any CPU
		{50C88052-2CC7-4FB4-9E1E-368B0CA830DD}.Debug|iPhoneSimulator.ActiveCfg = Debug|Any CPU
		{50C88052-2CC7-4FB4-9E1E-368B0CA830DD}.Debug|iPhoneSimulator.Build.0 = Debug|Any CPU
		{50C88052-2CC7-4FB4-9E1E-368B0CA830DD}.Release|Any CPU.ActiveCfg = Release|Any CPU
		{50C88052-2CC7-4FB4-9E1E-368B0CA830DD}.Release|Any CPU.Build.0 = Release|Any CPU
		{50C88052-2CC7-4FB4-9E1E-368B0CA830DD}.Release|iPhone.ActiveCfg = Release|Any CPU
		{50C88052-2CC7-4FB4-9E1E-368B0CA830DD}.Release|iPhone.Build.0 = Release|Any CPU
		{50C88052-2CC7-4FB4-9E1E-368B0CA830DD}.Release|iPhoneSimulator.ActiveCfg = Release|Any CPU
		{50C88052-2CC7-4FB4-9E1E-368B0CA830DD}.Release|iPhoneSimulator.Build.0 = Release|Any CPU
	EndGlobalSection
	GlobalSection(SolutionProperties) = preSolution
		HideSolutionNode = FALSE
	EndGlobalSection
	GlobalSection(NestedProjects) = preSolution
		{BABF1C97-CB5C-4AC5-81C6-6A81B0D45E27} = {2408EC7B-2E06-46A5-B6AC-D4E985E30CBB}
		{7059F655-BBD7-4CA3-9A76-2FF198996DA8} = {2408EC7B-2E06-46A5-B6AC-D4E985E30CBB}
		{40674C67-6A97-4B85-8154-92AEC74A37A0} = {BABF1C97-CB5C-4AC5-81C6-6A81B0D45E27}
		{1ECB5581-FFA5-4C11-A491-C85ABD962033} = {2408EC7B-2E06-46A5-B6AC-D4E985E30CBB}
		{6CD683B4-70F1-4FB5-8B83-32E76E8C9240} = {2408EC7B-2E06-46A5-B6AC-D4E985E30CBB}
		{48E015FE-624B-4E70-A502-339845FD764F} = {BABF1C97-CB5C-4AC5-81C6-6A81B0D45E27}
		{43950AC2-0AD3-49BC-8DA3-63C42DA1F1FA} = {BABF1C97-CB5C-4AC5-81C6-6A81B0D45E27}
		{190ED57C-9A75-40EF-A258-E45E5EFA3D02} = {BABF1C97-CB5C-4AC5-81C6-6A81B0D45E27}
		{50C88052-2CC7-4FB4-9E1E-368B0CA830DD} = {2408EC7B-2E06-46A5-B6AC-D4E985E30CBB}
	EndGlobalSection
	GlobalSection(ExtensibilityGlobals) = postSolution
		SolutionGuid = {BCF2AA98-1744-46FE-94B5-D76E6E4A54A6}
	EndGlobalSection
EndGlobal
